// !$*UTF8*$!
{
	archiveVersion = 1;
	classes = {
	};
	objectVersion = 77;
	objects = {

/* Begin PBXBuildFile section */
		0D7BC566BF4347BBBA45EE32 /* SonicModel.swift in Sources */ = {isa = PBXBuildFile; fileRef = AE0AA14C0FB44C838F7F5CC4 /* SonicModel.swift */; };
		4B7B2C0836F243D0DD958EF1 /* SonicFormsApp.swift in Sources */ = {isa = PBXBuildFile; fileRef = F7204A6C8C21638948E133EE /* SonicFormsApp.swift */; };
		4D9DD7C27950705E94FCAA0D /* ContentView.swift in Sources */ = {isa = PBXBuildFile; fileRef = 7EABF13B706EFCE76C33FB23 /* ContentView.swift */; };
		C66F725B3749E68468BAD824 /* HeroKit in Frameworks */ = {isa = PBXBuildFile; productRef = 060902FF4E1B85737367F878 /* HeroKit */; };
		FF61948CBA3D1A2CA4FFAF83 /* SonicFormsTests.swift in Sources */ = {isa = PBXBuildFile; fileRef = CB10C9E29F7D1A0F32D64DA8 /* SonicFormsTests.swift */; };
/* End PBXBuildFile section */

/* Begin PBXContainerItemProxy section */
		54A11E530BC09A605ED26FA3 /* PBXContainerItemProxy */ = {
			isa = PBXContainerItemProxy;
			containerPortal = A75DBC689805A623595991A0 /* Project object */;
			proxyType = 1;
			remoteGlobalIDString = A2878DAB7ACDE2AB71AD1A36;
			remoteInfo = SonicForms;
		};
/* End PBXContainerItemProxy section */

/* Begin PBXFileReference section */
		68F59F720DB895BA06E97E2D /* Info.plist */ = {isa = PBXFileReference; lastKnownFileType = text.plist; path = Info.plist; sourceTree = "<group>"; };
		6BF7E5FFB97259F1FC59BC78 /* SonicFormsTests.xctest */ = {isa = PBXFileReference; explicitFileType = wrapper.cfbundle; includeInIndex = 0; path = SonicFormsTests.xctest; sourceTree = BUILT_PRODUCTS_DIR; };
		7EABF13B706EFCE76C33FB23 /* ContentView.swift */ = {isa = PBXFileReference; lastKnownFileType = sourcecode.swift; path = ContentView.swift; sourceTree = "<group>"; };
		956F393EE66D850AB7F3DEE7 /* HeroKit */ = {isa = PBXFileReference; lastKnownFileType = folder; name = HeroKit; path = ../../HeroKit; sourceTree = SOURCE_ROOT; };
		AE0AA14C0FB44C838F7F5CC4 /* SonicModel.swift */ = {isa = PBXFileReference; lastKnownFileType = sourcecode.swift; path = SonicModel.swift; sourceTree = "<group>"; };
		B995DE683BED703F4EF31969 /* SonicForms.app */ = {isa = PBXFileReference; explicitFileType = wrapper.application; includeInIndex = 0; path = SonicForms.app; sourceTree = BUILT_PRODUCTS_DIR; };
		CB10C9E29F7D1A0F32D64DA8 /* SonicFormsTests.swift */ = {isa = PBXFileReference; lastKnownFileType = sourcecode.swift; path = SonicFormsTests.swift; sourceTree = "<group>"; };
		F7204A6C8C21638948E133EE /* SonicFormsApp.swift */ = {isa = PBXFileReference; lastKnownFileType = sourcecode.swift; path = SonicFormsApp.swift; sourceTree = "<group>"; };
/* End PBXFileReference section */

/* Begin PBXFrameworksBuildPhase section */
		77E23371AACBC44E668EF75F /* Frameworks */ = {
			isa = PBXFrameworksBuildPhase;
			buildActionMask = 2147483647;
			files = (
				C66F725B3749E68468BAD824 /* HeroKit in Frameworks */,
			);
			runOnlyForDeploymentPostprocessing = 0;
		};
/* End PBXFrameworksBuildPhase section */

/* Begin PBXGroup section */
		1B039A3347581FDA56E92F80 /* Sources */ = {
			isa = PBXGroup;
			children = (
				7EABF13B706EFCE76C33FB23 /* ContentView.swift */,
				68F59F720DB895BA06E97E2D /* Info.plist */,
				F7204A6C8C21638948E133EE /* SonicFormsApp.swift */,
				AE0AA14C0FB44C838F7F5CC4 /* SonicModel.swift */,
			);
			path = Sources;
			sourceTree = "<group>";
		};
		374D117E9B5D54AD6F2CBB91 /* Tests */ = {
			isa = PBXGroup;
			children = (
				CB10C9E29F7D1A0F32D64DA8 /* SonicFormsTests.swift */,
			);
			path = Tests;
			sourceTree = "<group>";
		};
		468ED92C479BCCDC88E264DA /* Packages */ = {
			isa = PBXGroup;
			children = (
				956F393EE66D850AB7F3DEE7 /* HeroKit */,
			);
			name = Packages;
			sourceTree = "<group>";
		};
		814D52C860C99AFCF579374A /* Products */ = {
			isa = PBXGroup;
			children = (
				B995DE683BED703F4EF31969 /* SonicForms.app */,
				6BF7E5FFB97259F1FC59BC78 /* SonicFormsTests.xctest */,
			);
			name = Products;
			sourceTree = "<group>";
		};
		884D7A00BFB1D2A063F205C2 = {
			isa = PBXGroup;
			children = (
				468ED92C479BCCDC88E264DA /* Packages */,
				1B039A3347581FDA56E92F80 /* Sources */,
				374D117E9B5D54AD6F2CBB91 /* Tests */,
				814D52C860C99AFCF579374A /* Products */,
			);
			sourceTree = "<group>";
		};
/* End PBXGroup section */

/* Begin PBXNativeTarget section */
		82FFC94A0787BD908BC0D5E0 /* SonicFormsTests */ = {
			isa = PBXNativeTarget;
			buildConfigurationList = 5107F5C7260458E9C26082FC /* Build configuration list for PBXNativeTarget "SonicFormsTests" */;
			buildPhases = (
				8F79FFE2E374DBD5DDA5ECD6 /* Sources */,
			);
			buildRules = (
			);
			dependencies = (
				55C941A43E77DC2593DCD2AF /* PBXTargetDependency */,
			);
			name = SonicFormsTests;
			packageProductDependencies = (
			);
			productName = SonicFormsTests;
			productReference = 6BF7E5FFB97259F1FC59BC78 /* SonicFormsTests.xctest */;
			productType = "com.apple.product-type.bundle.unit-test";
		};
		A2878DAB7ACDE2AB71AD1A36 /* SonicForms */ = {
			isa = PBXNativeTarget;
			buildConfigurationList = FDDBF7DE28F25C8B6DD42AED /* Build configuration list for PBXNativeTarget "SonicForms" */;
			buildPhases = (
				E92BFCCA1A6E0D88E80A629F /* Sources */,
				77E23371AACBC44E668EF75F /* Frameworks */,
			);
			buildRules = (
			);
			dependencies = (
			);
			name = SonicForms;
			packageProductDependencies = (
				060902FF4E1B85737367F878 /* HeroKit */,
			);
			productName = SonicForms;
			productReference = B995DE683BED703F4EF31969 /* SonicForms.app */;
			productType = "com.apple.product-type.application";
		};
/* End PBXNativeTarget section */

/* Begin PBXProject section */
		A75DBC689805A623595991A0 /* Project object */ = {
			isa = PBXProject;
			attributes = {
				BuildIndependentTargetsInParallel = YES;
				LastUpgradeCheck = 1430;
				TargetAttributes = {
					A2878DAB7ACDE2AB71AD1A36 = {
						DevelopmentTeam = DU52C58N97;
						ProvisioningStyle = Automatic;
					};
				};
			};
			buildConfigurationList = FEFDE315C8EE4BD17612F11C /* Build configuration list for PBXProject "SonicForms" */;
			developmentRegion = en;
			hasScannedForEncodings = 0;
			knownRegions = (
				Base,
				en,
			);
			mainGroup = 884D7A00BFB1D2A063F205C2;
			minimizedProjectReferenceProxies = 1;
			packageReferences = (
				573CC94701620BE824232CF6 /* XCLocalSwiftPackageReference "../../HeroKit" */,
			);
			preferredProjectObjectVersion = 77;
			productRefGroup = 814D52C860C99AFCF579374A /* Products */;
			projectDirPath = "";
			projectRoot = "";
			targets = (
				A2878DAB7ACDE2AB71AD1A36 /* SonicForms */,
				82FFC94A0787BD908BC0D5E0 /* SonicFormsTests */,
			);
		};
/* End PBXProject section */

/* Begin PBXSourcesBuildPhase section */
		8F79FFE2E374DBD5DDA5ECD6 /* Sources */ = {
			isa = PBXSourcesBuildPhase;
			buildActionMask = 2147483647;
			files = (
				FF61948CBA3D1A2CA4FFAF83 /* SonicFormsTests.swift in Sources */,
			);
			runOnlyForDeploymentPostprocessing = 0;
		};
		E92BFCCA1A6E0D88E80A629F /* Sources */ = {
			isa = PBXSourcesBuildPhase;
			buildActionMask = 2147483647;
			files = (
				4D9DD7C27950705E94FCAA0D /* ContentView.swift in Sources */,
				4B7B2C0836F243D0DD958EF1 /* SonicFormsApp.swift in Sources */,
				0D7BC566BF4347BBBA45EE32 /* SonicModel.swift in Sources */,
			);
			runOnlyForDeploymentPostprocessing = 0;
		};
/* End PBXSourcesBuildPhase section */

/* Begin PBXTargetDependency section */
		55C941A43E77DC2593DCD2AF /* PBXTargetDependency */ = {
			isa = PBXTargetDependency;
			target = A2878DAB7ACDE2AB71AD1A36 /* SonicForms */;
			targetProxy = 54A11E530BC09A605ED26FA3 /* PBXContainerItemProxy */;
		};
/* End PBXTargetDependency section */

/* Begin XCBuildConfiguration section */
		48301C830C1C2DB3E51C8C67 /* Debug */ = {
			isa = XCBuildConfiguration;
			buildSettings = {
				ASSETCATALOG_COMPILER_APPICON_NAME = AppIcon;
				CODE_SIGN_STYLE = Automatic;
				CURRENT_PROJECT_VERSION = 1;
				DEVELOPMENT_TEAM = DU52C58N97;
				INFOPLIST_FILE = Sources/Info.plist;
				MARKETING_VERSION = 1.0;
				PRODUCT_BUNDLE_IDENTIFIER = com.zevgt.sonicforms;
				SDKROOT = watchos;
				SKIP_INSTALL = YES;
				SWIFT_EMIT_LOC_STRINGS = YES;
				SWIFT_VERSION = 5.0;
				TARGETED_DEVICE_FAMILY = 4;
				WATCHOS_DEPLOYMENT_TARGET = 10.0;
			};
			name = Debug;
		};
		5C53A5206C68E93F94DFCE72 /* Release */ = {
			isa = XCBuildConfiguration;
			buildSettings = {
				ASSETCATALOG_COMPILER_APPICON_NAME = AppIcon;
				CODE_SIGN_STYLE = Automatic;
				CURRENT_PROJECT_VERSION = 1;
				DEVELOPMENT_TEAM = DU52C58N97;
				INFOPLIST_FILE = Sources/Info.plist;
				MARKETING_VERSION = 1.0;
				PRODUCT_BUNDLE_IDENTIFIER = com.zevgt.sonicforms;
				SDKROOT = watchos;
				SKIP_INSTALL = YES;
				SWIFT_EMIT_LOC_STRINGS = YES;
				SWIFT_VERSION = 5.0;
				TARGETED_DEVICE_FAMILY = 4;
				WATCHOS_DEPLOYMENT_TARGET = 10.0;
			};
			name = Release;
		};
		617CB11AE9823CDACB52F87B /* Release */ = {
			isa = XCBuildConfiguration;
			buildSettings = {
				ALWAYS_SEARCH_USER_PATHS = NO;
				CLANG_ANALYZER_NONNULL = YES;
				CLANG_ANALYZER_NUMBER_OBJECT_CONVERSION = YES_AGGRESSIVE;
				CLANG_CXX_LANGUAGE_STANDARD = "gnu++14";
				CLANG_CXX_LIBRARY = "libc++";
				CLANG_ENABLE_MODULES = YES;
				CLANG_ENABLE_OBJC_ARC = YES;
				CLANG_ENABLE_OBJC_WEAK = YES;
				CLANG_WARN_BLOCK_CAPTURE_AUTORELEASING = YES;
				CLANG_WARN_BOOL_CONVERSION = YES;
				CLANG_WARN_COMMA = YES;
				CLANG_WARN_CONSTANT_CONVERSION = YES;
				CLANG_WARN_DEPRECATED_OBJC_IMPLEMENTATIONS = YES;
				CLANG_WARN_DIRECT_OBJC_ISA_USAGE = YES_ERROR;
				CLANG_WARN_DOCUMENTATION_COMMENTS = YES;
				CLANG_WARN_EMPTY_BODY = YES;
				CLANG_WARN_ENUM_CONVERSION = YES;
				CLANG_WARN_INFINITE_RECURSION = YES;
				CLANG_WARN_INT_CONVERSION = YES;
				CLANG_WARN_NON_LITERAL_NULL_CONVERSION = YES;
				CLANG_WARN_OBJC_IMPLICIT_RETAIN_SELF = YES;
				CLANG_WARN_OBJC_LITERAL_CONVERSION = YES;
				CLANG_WARN_OBJC_ROOT_CLASS = YES_ERROR;
				CLANG_WARN_QUOTED_INCLUDE_IN_FRAMEWORK_HEADER = YES;
				CLANG_WARN_RANGE_LOOP_ANALYSIS = YES;
				CLANG_WARN_STRICT_PROTOTYPES = YES;
				CLANG_WARN_SUSPICIOUS_MOVE = YES;
				CLANG_WARN_UNGUARDED_AVAILABILITY = YES_AGGRESSIVE;
				CLANG_WARN_UNREACHABLE_CODE = YES;
				CLANG_WARN__DUPLICATE_METHOD_MATCH = YES;
				COPY_PHASE_STRIP = NO;
				DEBUG_INFORMATION_FORMAT = "dwarf-with-dsym";
				ENABLE_NS_ASSERTIONS = NO;
				ENABLE_STRICT_OBJC_MSGSEND = YES;
				GCC_C_LANGUAGE_STANDARD = gnu11;
				GCC_NO_COMMON_BLOCKS = YES;
				GCC_WARN_64_TO_32_BIT_CONVERSION = YES;
				GCC_WARN_ABOUT_RETURN_TYPE = YES_ERROR;
				GCC_WARN_UNDECLARED_SELECTOR = YES;
				GCC_WARN_UNINITIALIZED_AUTOS = YES_AGGRESSIVE;
				GCC_WARN_UNUSED_FUNCTION = YES;
				GCC_WARN_UNUSED_VARIABLE = YES;
				MTL_ENABLE_DEBUG_INFO = NO;
				MTL_FAST_MATH = YES;
				PRODUCT_NAME = "$(TARGET_NAME)";
				SDKROOT = watchos;
				SWIFT_COMPILATION_MODE = wholemodule;
				SWIFT_OPTIMIZATION_LEVEL = "-O";
				SWIFT_VERSION = 5.0;
				WATCHOS_DEPLOYMENT_TARGET = 10.0;
			};
			name = Release;
		};
		682A9322E4A31DEFD61853A8 /* Debug */ = {
			isa = XCBuildConfiguration;
			buildSettings = {
				ALWAYS_SEARCH_USER_PATHS = NO;
				CLANG_ANALYZER_NONNULL = YES;
				CLANG_ANALYZER_NUMBER_OBJECT_CONVERSION = YES_AGGRESSIVE;
				CLANG_CXX_LANGUAGE_STANDARD = "gnu++14";
				CLANG_CXX_LIBRARY = "libc++";
				CLANG_ENABLE_MODULES = YES;
				CLANG_ENABLE_OBJC_ARC = YES;
				CLANG_ENABLE_OBJC_WEAK = YES;
				CLANG_WARN_BLOCK_CAPTURE_AUTORELEASING = YES;
				CLANG_WARN_BOOL_CONVERSION = YES;
				CLANG_WARN_COMMA = YES;
				CLANG_WARN_CONSTANT_CONVERSION = YES;
				CLANG_WARN_DEPRECATED_OBJC_IMPLEMENTATIONS = YES;
				CLANG_WARN_DIRECT_OBJC_ISA_USAGE = YES_ERROR;
				CLANG_WARN_DOCUMENTATION_COMMENTS = YES;
				CLANG_WARN_EMPTY_BODY = YES;
				CLANG_WARN_ENUM_CONVERSION = YES;
				CLANG_WARN_INFINITE_RECURSION = YES;
				CLANG_WARN_INT_CONVERSION = YES;
				CLANG_WARN_NON_LITERAL_NULL_CONVERSION = YES;
				CLANG_WARN_OBJC_IMPLICIT_RETAIN_SELF = YES;
				CLANG_WARN_OBJC_LITERAL_CONVERSION = YES;
				CLANG_WARN_OBJC_ROOT_CLASS = YES_ERROR;
				CLANG_WARN_QUOTED_INCLUDE_IN_FRAMEWORK_HEADER = YES;
				CLANG_WARN_RANGE_LOOP_ANALYSIS = YES;
				CLANG_WARN_STRICT_PROTOTYPES = YES;
				CLANG_WARN_SUSPICIOUS_MOVE = YES;
				CLANG_WARN_UNGUARDED_AVAILABILITY = YES_AGGRESSIVE;
				CLANG_WARN_UNREACHABLE_CODE = YES;
				CLANG_WARN__DUPLICATE_METHOD_MATCH = YES;
				COPY_PHASE_STRIP = NO;
				DEBUG_INFORMATION_FORMAT = dwarf;
				ENABLE_STRICT_OBJC_MSGSEND = YES;
				ENABLE_TESTABILITY = YES;
				GCC_C_LANGUAGE_STANDARD = gnu11;
				GCC_DYNAMIC_NO_PIC = NO;
				GCC_NO_COMMON_BLOCKS = YES;
				GCC_OPTIMIZATION_LEVEL = 0;
				GCC_PREPROCESSOR_DEFINITIONS = (
					"$(inherited)",
					"DEBUG=1",
				);
				GCC_WARN_64_TO_32_BIT_CONVERSION = YES;
				GCC_WARN_ABOUT_RETURN_TYPE = YES_ERROR;
				GCC_WARN_UNDECLARED_SELECTOR = YES;
				GCC_WARN_UNINITIALIZED_AUTOS = YES_AGGRESSIVE;
				GCC_WARN_UNUSED_FUNCTION = YES;
				GCC_WARN_UNUSED_VARIABLE = YES;
				MTL_ENABLE_DEBUG_INFO = INCLUDE_SOURCE;
				MTL_FAST_MATH = YES;
				ONLY_ACTIVE_ARCH = YES;
				PRODUCT_NAME = "$(TARGET_NAME)";
				SDKROOT = watchos;
				SWIFT_ACTIVE_COMPILATION_CONDITIONS = DEBUG;
				SWIFT_OPTIMIZATION_LEVEL = "-Onone";
				SWIFT_VERSION = 5.0;
				WATCHOS_DEPLOYMENT_TARGET = 10.0;
			};
			name = Debug;
		};
		7D418CB6FD4B0D3C83F2E5E5 /* Debug */ = {
			isa = XCBuildConfiguration;
			buildSettings = {
				BUNDLE_LOADER = "$(TEST_HOST)";
				LD_RUNPATH_SEARCH_PATHS = (
					"$(inherited)",
					"@executable_path/Frameworks",
					"@loader_path/Frameworks",
				);
				PRODUCT_BUNDLE_IDENTIFIER = com.zevgt.SonicFormsTests;
				SDKROOT = watchos;
				SKIP_INSTALL = YES;
				SWIFT_VERSION = 5.0;
				TARGETED_DEVICE_FAMILY = 4;
				TEST_HOST = "$(BUILT_PRODUCTS_DIR)/SonicForms.app/SonicForms";
				WATCHOS_DEPLOYMENT_TARGET = 10.0;
			};
			name = Debug;
		};
		FA193FD6B6CD09B17D587C7B /* Release */ = {
			isa = XCBuildConfiguration;
			buildSettings = {
				BUNDLE_LOADER = "$(TEST_HOST)";
				LD_RUNPATH_SEARCH_PATHS = (
					"$(inherited)",
					"@executable_path/Frameworks",
					"@loader_path/Frameworks",
				);
				PRODUCT_BUNDLE_IDENTIFIER = com.zevgt.SonicFormsTests;
				SDKROOT = watchos;
				SKIP_INSTALL = YES;
				SWIFT_VERSION = 5.0;
				TARGETED_DEVICE_FAMILY = 4;
				TEST_HOST = "$(BUILT_PRODUCTS_DIR)/SonicForms.app/SonicForms";
				WATCHOS_DEPLOYMENT_TARGET = 10.0;
			};
			name = Release;
		};
/* End XCBuildConfiguration section */

/* Begin XCConfigurationList section */
		5107F5C7260458E9C26082FC /* Build configuration list for PBXNativeTarget "SonicFormsTests" */ = {
			isa = XCConfigurationList;
			buildConfigurations = (
				7D418CB6FD4B0D3C83F2E5E5 /* Debug */,
				FA193FD6B6CD09B17D587C7B /* Release */,
			);
			defaultConfigurationIsVisible = 0;
			defaultConfigurationName = Debug;
		};
		FDDBF7DE28F25C8B6DD42AED /* Build configuration list for PBXNativeTarget "SonicForms" */ = {
			isa = XCConfigurationList;
			buildConfigurations = (
				48301C830C1C2DB3E51C8C67 /* Debug */,
				5C53A5206C68E93F94DFCE72 /* Release */,
			);
			defaultConfigurationIsVisible = 0;
			defaultConfigurationName = Debug;
		};
		FEFDE315C8EE4BD17612F11C /* Build configuration list for PBXProject "SonicForms" */ = {
			isa = XCConfigurationList;
			buildConfigurations = (
				682A9322E4A31DEFD61853A8 /* Debug */,
				617CB11AE9823CDACB52F87B /* Release */,
			);
			defaultConfigurationIsVisible = 0;
			defaultConfigurationName = Debug;
		};
/* End XCConfigurationList section */

/* Begin XCLocalSwiftPackageReference section */
		573CC94701620BE824232CF6 /* XCLocalSwiftPackageReference "../../HeroKit" */ = {
			isa = XCLocalSwiftPackageReference;
			relativePath = ../../HeroKit;
		};
/* End XCLocalSwiftPackageReference section */

/* Begin XCSwiftPackageProductDependency section */
		060902FF4E1B85737367F878 /* HeroKit */ = {
			isa = XCSwiftPackageProductDependency;
			productName = HeroKit;
		};
/* End XCSwiftPackageProductDependency section */
	};
	rootObject = A75DBC689805A623595991A0 /* Project object */;
}
